<?xml version="1.0" encoding="utf-8"?>
<Project ToolsVersion="4.0" xmlns="http://schemas.microsoft.com/developer/msbuild/2003">
  <ItemGroup>
    <Filter Include="ソース ファイル">
      <UniqueIdentifier>{4FC737F1-C7A5-4376-A066-2A32D752A2FF}</UniqueIdentifier>
      <Extensions>cpp;c;cc;cxx;def;odl;idl;hpj;bat;asm;asmx</Extensions>
    </Filter>
    <Filter Include="ヘッダー ファイル">
      <UniqueIdentifier>{93995380-89BD-4b04-88EB-625FBE52EBFB}</UniqueIdentifier>
      <Extensions>h;hh;hpp;hxx;hm;inl;inc;xsd</Extensions>
    </Filter>
    <Filter Include="リソース ファイル">
      <UniqueIdentifier>{67DA6AB6-F800-4c08-8B7A-83BB121AAD01}</UniqueIdentifier>
      <Extensions>rc;ico;cur;bmp;dlg;rc2;rct;bin;rgs;gif;jpg;jpeg;jpe;resx;tiff;tif;png;wav;mfcribbon-ms</Extensions>
    </Filter>
  </ItemGroup>
  <ItemGroup>
    <ClCompile Include="..\..\..\..\..\Desktop\3DTeamGame\Team3DGame\ainimation.cpp">
      <Filter>ソース ファイル</Filter>
    </ClCompile>
    <ClCompile Include="..\..\..\..\..\Desktop\3DTeamGame\Team3DGame\bg_continue.cpp">
      <Filter>ソース ファイル</Filter>
    </ClCompile>
    <ClCompile Include="..\..\..\..\..\Desktop\3DTeamGame\Team3DGame\bg_result.cpp">
      <Filter>ソース ファイル</Filter>
    </ClCompile>
    <ClCompile Include="..\..\..\..\..\Desktop\3DTeamGame\Team3DGame\bg_title.cpp">
      <Filter>ソース ファイル</Filter>
    </ClCompile>
    <ClCompile Include="..\..\..\..\..\Desktop\3DTeamGame\Team3DGame\bg_tutorial.cpp">
      <Filter>ソース ファイル</Filter>
    </ClCompile>
    <ClCompile Include="..\..\..\..\..\Desktop\3DTeamGame\Team3DGame\billboard.cpp">
      <Filter>ソース ファイル</Filter>
    </ClCompile>
    <ClCompile Include="..\..\..\..\..\Desktop\3DTeamGame\Team3DGame\button.cpp">
      <Filter>ソース ファイル</Filter>
    </ClCompile>
    <ClCompile Include="..\..\..\..\..\Desktop\3DTeamGame\Team3DGame\button_continue.cpp">
      <Filter>ソース ファイル</Filter>
    </ClCompile>
    <ClCompile Include="..\..\..\..\..\Desktop\3DTeamGame\Team3DGame\button_not_continue.cpp">
      <Filter>ソース ファイル</Filter>
    </ClCompile>
    <ClCompile Include="..\..\..\..\..\Desktop\3DTeamGame\Team3DGame\byte_effect.cpp">
      <Filter>ソース ファイル</Filter>
    </ClCompile>
    <ClCompile Include="..\..\..\..\..\Desktop\3DTeamGame\Team3DGame\camera.cpp">
      <Filter>ソース ファイル</Filter>
    </ClCompile>
    <ClCompile Include="..\..\..\..\..\Desktop\3DTeamGame\Team3DGame\character.cpp">
      <Filter>ソース ファイル</Filter>
    </ClCompile>
    <ClCompile Include="..\..\..\..\..\Desktop\3DTeamGame\Team3DGame\circle_particle.cpp">
      <Filter>ソース ファイル</Filter>
    </ClCompile>
    <ClCompile Include="..\..\..\..\..\Desktop\3DTeamGame\Team3DGame\continue.cpp">
      <Filter>ソース ファイル</Filter>
    </ClCompile>
    <ClCompile Include="..\..\..\..\..\Desktop\3DTeamGame\Team3DGame\continue_button_manager.cpp">
      <Filter>ソース ファイル</Filter>
    </ClCompile>
    <ClCompile Include="..\..\..\..\..\Desktop\3DTeamGame\Team3DGame\continue_logo.cpp">
      <Filter>ソース ファイル</Filter>
    </ClCompile>
    <ClCompile Include="..\..\..\..\..\Desktop\3DTeamGame\Team3DGame\daiya.cpp">
      <Filter>ソース ファイル</Filter>
    </ClCompile>
    <ClCompile Include="..\..\..\..\..\Desktop\3DTeamGame\Team3DGame\dia.cpp">
      <Filter>ソース ファイル</Filter>
    </ClCompile>
    <ClCompile Include="..\..\..\..\..\Desktop\3DTeamGame\Team3DGame\dust_particle.cpp">
      <Filter>ソース ファイル</Filter>
    </ClCompile>
    <ClCompile Include="..\..\..\..\..\Desktop\3DTeamGame\Team3DGame\effect.cpp">
      <Filter>ソース ファイル</Filter>
    </ClCompile>
    <ClCompile Include="..\..\..\..\..\Desktop\3DTeamGame\Team3DGame\enemy.cpp">
      <Filter>ソース ファイル</Filter>
    </ClCompile>
    <ClCompile Include="..\..\..\..\..\Desktop\3DTeamGame\Team3DGame\fade.cpp">
      <Filter>ソース ファイル</Filter>
    </ClCompile>
    <ClCompile Include="..\..\..\..\..\Desktop\3DTeamGame\Team3DGame\field.cpp">
      <Filter>ソース ファイル</Filter>
    </ClCompile>
    <ClCompile Include="..\..\..\..\..\Desktop\3DTeamGame\Team3DGame\input.cpp">
      <Filter>ソース ファイル</Filter>
    </ClCompile>
    <ClCompile Include="..\..\..\..\..\Desktop\3DTeamGame\Team3DGame\item.cpp">
      <Filter>ソース ファイル</Filter>
    </ClCompile>
    <ClCompile Include="..\..\..\..\..\Desktop\3DTeamGame\Team3DGame\item_diamond.cpp">
      <Filter>ソース ファイル</Filter>
    </ClCompile>
    <ClCompile Include="..\..\..\..\..\Desktop\3DTeamGame\Team3DGame\item_meat.cpp">
      <Filter>ソース ファイル</Filter>
    </ClCompile>
    <ClCompile Include="..\..\..\..\..\Desktop\3DTeamGame\Team3DGame\joystick.cpp">
      <Filter>ソース ファイル</Filter>
    </ClCompile>
    <ClCompile Include="..\..\..\..\..\Desktop\3DTeamGame\Team3DGame\keyboard.cpp">
      <Filter>ソース ファイル</Filter>
    </ClCompile>
    <ClCompile Include="..\..\..\..\..\Desktop\3DTeamGame\Team3DGame\light.cpp">
      <Filter>ソース ファイル</Filter>
    </ClCompile>
    <ClCompile Include="..\..\..\..\..\Desktop\3DTeamGame\Team3DGame\main.cpp">
      <Filter>ソース ファイル</Filter>
    </ClCompile>
    <ClCompile Include="..\..\..\..\..\Desktop\3DTeamGame\Team3DGame\manager.cpp">
      <Filter>ソース ファイル</Filter>
    </ClCompile>
    <ClCompile Include="..\..\..\..\..\Desktop\3DTeamGame\Team3DGame\meat.cpp">
      <Filter>ソース ファイル</Filter>
    </ClCompile>
    <ClCompile Include="..\..\..\..\..\Desktop\3DTeamGame\Team3DGame\mode_game.cpp">
      <Filter>ソース ファイル</Filter>
    </ClCompile>
    <ClCompile Include="..\..\..\..\..\Desktop\3DTeamGame\Team3DGame\mode_result.cpp">
      <Filter>ソース ファイル</Filter>
    </ClCompile>
    <ClCompile Include="..\..\..\..\..\Desktop\3DTeamGame\Team3DGame\mode_title.cpp">
      <Filter>ソース ファイル</Filter>
    </ClCompile>
    <ClCompile Include="..\..\..\..\..\Desktop\3DTeamGame\Team3DGame\mode_tutorial.cpp">
      <Filter>ソース ファイル</Filter>
    </ClCompile>
    <ClCompile Include="..\..\..\..\..\Desktop\3DTeamGame\Team3DGame\model.cpp">
      <Filter>ソース ファイル</Filter>
    </ClCompile>
    <ClCompile Include="..\..\..\..\..\Desktop\3DTeamGame\Team3DGame\model_himiya.cpp">
      <Filter>ソース ファイル</Filter>
    </ClCompile>
    <ClCompile Include="..\..\..\..\..\Desktop\3DTeamGame\Team3DGame\number.cpp">
      <Filter>ソース ファイル</Filter>
    </ClCompile>
    <ClCompile Include="..\..\..\..\..\Desktop\3DTeamGame\Team3DGame\particle.cpp">
      <Filter>ソース ファイル</Filter>
    </ClCompile>
    <ClCompile Include="..\..\..\..\..\Desktop\3DTeamGame\Team3DGame\player.cpp">
      <Filter>ソース ファイル</Filter>
    </ClCompile>
    <ClCompile Include="..\..\..\..\..\Desktop\3DTeamGame\Team3DGame\polygon3d.cpp">
      <Filter>ソース ファイル</Filter>
    </ClCompile>
    <ClCompile Include="..\..\..\..\..\Desktop\3DTeamGame\Team3DGame\renderer.cpp">
      <Filter>ソース ファイル</Filter>
    </ClCompile>
    <ClCompile Include="..\..\..\..\..\Desktop\3DTeamGame\Team3DGame\scene.cpp">
      <Filter>ソース ファイル</Filter>
    </ClCompile>
    <ClCompile Include="..\..\..\..\..\Desktop\3DTeamGame\Team3DGame\scene2d.cpp">
      <Filter>ソース ファイル</Filter>
    </ClCompile>
    <ClCompile Include="..\..\..\..\..\Desktop\3DTeamGame\Team3DGame\scene3d.cpp">
      <Filter>ソース ファイル</Filter>
    </ClCompile>
    <ClCompile Include="..\..\..\..\..\Desktop\3DTeamGame\Team3DGame\score.cpp">
      <Filter>ソース ファイル</Filter>
    </ClCompile>
    <ClCompile Include="..\..\..\..\..\Desktop\3DTeamGame\Team3DGame\sound.cpp">
      <Filter>ソース ファイル</Filter>
    </ClCompile>
    <ClCompile Include="..\..\..\..\..\Desktop\3DTeamGame\Team3DGame\stan_effect.cpp">
      <Filter>ソース ファイル</Filter>
    </ClCompile>
    <ClCompile Include="..\..\..\..\..\Desktop\3DTeamGame\Team3DGame\tile.cpp">
      <Filter>ソース ファイル</Filter>
    </ClCompile>
    <ClCompile Include="..\..\..\..\..\Desktop\3DTeamGame\Team3DGame\title_logo.cpp">
      <Filter>ソース ファイル</Filter>
    </ClCompile>
    <ClCompile Include="..\..\..\..\..\Desktop\3DTeamGame\Team3DGame\Tree.cpp">
      <Filter>ソース ファイル</Filter>
    </ClCompile>
    <ClCompile Include="..\..\..\..\..\Desktop\3DTeamGame\Team3DGame\ui.cpp">
      <Filter>ソース ファイル</Filter>
    </ClCompile>
    <ClCompile Include="..\..\..\..\..\Desktop\3DTeamGame\Team3DGame\wood.cpp">
      <Filter>ソース ファイル</Filter>
    </ClCompile>
  </ItemGroup>
  <ItemGroup>
    <ClInclude Include="..\..\..\..\..\Desktop\3DTeamGame\Team3DGame\animation.h">
      <Filter>ヘッダー ファイル</Filter>
    </ClInclude>
    <ClInclude Include="..\..\..\..\..\Desktop\3DTeamGame\Team3DGame\bg_continue.h">
      <Filter>ヘッダー ファイル</Filter>
    </ClInclude>
    <ClInclude Include="..\..\..\..\..\Desktop\3DTeamGame\Team3DGame\bg_result.h">
      <Filter>ヘッダー ファイル</Filter>
    </ClInclude>
    <ClInclude Include="..\..\..\..\..\Desktop\3DTeamGame\Team3DGame\bg_title.h">
      <Filter>ヘッダー ファイル</Filter>
    </ClInclude>
    <ClInclude Include="..\..\..\..\..\Desktop\3DTeamGame\Team3DGame\bg_tutorial.h">
      <Filter>ヘッダー ファイル</Filter>
    </ClInclude>
    <ClInclude Include="..\..\..\..\..\Desktop\3DTeamGame\Team3DGame\billboard.h">
      <Filter>ヘッダー ファイル</Filter>
    </ClInclude>
    <ClInclude Include="..\..\..\..\..\Desktop\3DTeamGame\Team3DGame\button.h">
      <Filter>ヘッダー ファイル</Filter>
    </ClInclude>
    <ClInclude Include="..\..\..\..\..\Desktop\3DTeamGame\Team3DGame\button_continue.h">
      <Filter>ヘッダー ファイル</Filter>
    </ClInclude>
    <ClInclude Include="..\..\..\..\..\Desktop\3DTeamGame\Team3DGame\button_not_continue.h">
      <Filter>ヘッダー ファイル</Filter>
    </ClInclude>
    <ClInclude Include="..\..\..\..\..\Desktop\3DTeamGame\Team3DGame\byte_effect.h">
      <Filter>ヘッダー ファイル</Filter>
    </ClInclude>
    <ClInclude Include="..\..\..\..\..\Desktop\3DTeamGame\Team3DGame\camera.h">
      <Filter>ヘッダー ファイル</Filter>
    </ClInclude>
    <ClInclude Include="..\..\..\..\..\Desktop\3DTeamGame\Team3DGame\character.h">
      <Filter>ヘッダー ファイル</Filter>
    </ClInclude>
    <ClInclude Include="..\..\..\..\..\Desktop\3DTeamGame\Team3DGame\circle_particle.h">
      <Filter>ヘッダー ファイル</Filter>
    </ClInclude>
    <ClInclude Include="..\..\..\..\..\Desktop\3DTeamGame\Team3DGame\continue.h">
      <Filter>ヘッダー ファイル</Filter>
    </ClInclude>
    <ClInclude Include="..\..\..\..\..\Desktop\3DTeamGame\Team3DGame\continue_button_manager.h">
      <Filter>ヘッダー ファイル</Filter>
    </ClInclude>
    <ClInclude Include="..\..\..\..\..\Desktop\3DTeamGame\Team3DGame\continue_logo.h">
      <Filter>ヘッダー ファイル</Filter>
    </ClInclude>
    <ClInclude Include="..\..\..\..\..\Desktop\3DTeamGame\Team3DGame\daiya.h">
      <Filter>ヘッダー ファイル</Filter>
    </ClInclude>
    <ClInclude Include="..\..\..\..\..\Desktop\3DTeamGame\Team3DGame\dia.h">
      <Filter>ヘッダー ファイル</Filter>
    </ClInclude>
    <ClInclude Include="..\..\..\..\..\Desktop\3DTeamGame\Team3DGame\dust_particle.h">
      <Filter>ヘッダー ファイル</Filter>
    </ClInclude>
    <ClInclude Include="..\..\..\..\..\Desktop\3DTeamGame\Team3DGame\effect.h">
      <Filter>ヘッダー ファイル</Filter>
    </ClInclude>
    <ClInclude Include="..\..\..\..\..\Desktop\3DTeamGame\Team3DGame\enemy.h">
      <Filter>ヘッダー ファイル</Filter>
    </ClInclude>
    <ClInclude Include="..\..\..\..\..\Desktop\3DTeamGame\Team3DGame\fade.h">
      <Filter>ヘッダー ファイル</Filter>
    </ClInclude>
    <ClInclude Include="..\..\..\..\..\Desktop\3DTeamGame\Team3DGame\field.h">
      <Filter>ヘッダー ファイル</Filter>
    </ClInclude>
    <ClInclude Include="..\..\..\..\..\Desktop\3DTeamGame\Team3DGame\input.h">
      <Filter>ヘッダー ファイル</Filter>
    </ClInclude>
    <ClInclude Include="..\..\..\..\..\Desktop\3DTeamGame\Team3DGame\item.h">
      <Filter>ヘッダー ファイル</Filter>
    </ClInclude>
    <ClInclude Include="..\..\..\..\..\Desktop\3DTeamGame\Team3DGame\item_diamond.h">
      <Filter>ヘッダー ファイル</Filter>
    </ClInclude>
    <ClInclude Include="..\..\..\..\..\Desktop\3DTeamGame\Team3DGame\item_meat.h">
      <Filter>ヘッダー ファイル</Filter>
    </ClInclude>
    <ClInclude Include="..\..\..\..\..\Desktop\3DTeamGame\Team3DGame\joystick.h">
      <Filter>ヘッダー ファイル</Filter>
    </ClInclude>
    <ClInclude Include="..\..\..\..\..\Desktop\3DTeamGame\Team3DGame\Keyboard.h">
      <Filter>ヘッダー ファイル</Filter>
    </ClInclude>
    <ClInclude Include="..\..\..\..\..\Desktop\3DTeamGame\Team3DGame\light.h">
      <Filter>ヘッダー ファイル</Filter>
    </ClInclude>
    <ClInclude Include="..\..\..\..\..\Desktop\3DTeamGame\Team3DGame\main.h">
      <Filter>ヘッダー ファイル</Filter>
    </ClInclude>
    <ClInclude Include="..\..\..\..\..\Desktop\3DTeamGame\Team3DGame\manager.h">
      <Filter>ヘッダー ファイル</Filter>
    </ClInclude>
    <ClInclude Include="..\..\..\..\..\Desktop\3DTeamGame\Team3DGame\meat.h">
      <Filter>ヘッダー ファイル</Filter>
    </ClInclude>
    <ClInclude Include="..\..\..\..\..\Desktop\3DTeamGame\Team3DGame\mode_game.h">
      <Filter>ヘッダー ファイル</Filter>
    </ClInclude>
    <ClInclude Include="..\..\..\..\..\Desktop\3DTeamGame\Team3DGame\mode_result.h">
      <Filter>ヘッダー ファイル</Filter>
    </ClInclude>
    <ClInclude Include="..\..\..\..\..\Desktop\3DTeamGame\Team3DGame\mode_title.h">
      <Filter>ヘッダー ファイル</Filter>
    </ClInclude>
    <ClInclude Include="..\..\..\..\..\Desktop\3DTeamGame\Team3DGame\mode_tutorial.h">
      <Filter>ヘッダー ファイル</Filter>
    </ClInclude>
    <ClInclude Include="..\..\..\..\..\Desktop\3DTeamGame\Team3DGame\model.h">
      <Filter>ヘッダー ファイル</Filter>
    </ClInclude>
    <ClInclude Include="..\..\..\..\..\Desktop\3DTeamGame\Team3DGame\model_himiya.h">
      <Filter>ヘッダー ファイル</Filter>
    </ClInclude>
    <ClInclude Include="..\..\..\..\..\Desktop\3DTeamGame\Team3DGame\number.h">
      <Filter>ヘッダー ファイル</Filter>
    </ClInclude>
    <ClInclude Include="..\..\..\..\..\Desktop\3DTeamGame\Team3DGame\particle.h">
      <Filter>ヘッダー ファイル</Filter>
    </ClInclude>
    <ClInclude Include="..\..\..\..\..\Desktop\3DTeamGame\Team3DGame\player.h">
      <Filter>ヘッダー ファイル</Filter>
    </ClInclude>
    <ClInclude Include="..\..\..\..\..\Desktop\3DTeamGame\Team3DGame\polygon3d.h">
      <Filter>ヘッダー ファイル</Filter>
    </ClInclude>
    <ClInclude Include="..\..\..\..\..\Desktop\3DTeamGame\Team3DGame\renderer.h">
      <Filter>ヘッダー ファイル</Filter>
    </ClInclude>
    <ClInclude Include="..\..\..\..\..\Desktop\3DTeamGame\Team3DGame\scene.h">
      <Filter>ヘッダー ファイル</Filter>
    </ClInclude>
    <ClInclude Include="..\..\..\..\..\Desktop\3DTeamGame\Team3DGame\scene2d.h">
      <Filter>ヘッダー ファイル</Filter>
    </ClInclude>
    <ClInclude Include="..\..\..\..\..\Desktop\3DTeamGame\Team3DGame\scene3d.h">
      <Filter>ヘッダー ファイル</Filter>
    </ClInclude>
    <ClInclude Include="..\..\..\..\..\Desktop\3DTeamGame\Team3DGame\score.h">
      <Filter>ヘッダー ファイル</Filter>
    </ClInclude>
    <ClInclude Include="..\..\..\..\..\Desktop\3DTeamGame\Team3DGame\sound.h">
      <Filter>ヘッダー ファイル</Filter>
    </ClInclude>
    <ClInclude Include="..\..\..\..\..\Desktop\3DTeamGame\Team3DGame\stan_effect.h">
      <Filter>ヘッダー ファイル</Filter>
    </ClInclude>
    <ClInclude Include="..\..\..\..\..\Desktop\3DTeamGame\Team3DGame\tile.h">
      <Filter>ヘッダー ファイル</Filter>
    </ClInclude>
    <ClInclude Include="..\..\..\..\..\Desktop\3DTeamGame\Team3DGame\title_logo.h">
      <Filter>ヘッダー ファイル</Filter>
    </ClInclude>
    <ClInclude Include="..\..\..\..\..\Desktop\3DTeamGame\Team3DGame\tree.h">
      <Filter>ヘッダー ファイル</Filter>
    </ClInclude>
    <ClInclude Include="..\..\..\..\..\Desktop\3DTeamGame\Team3DGame\ui.h">
      <Filter>ヘッダー ファイル</Filter>
    </ClInclude>
    <ClInclude Include="..\..\..\..\..\Desktop\3DTeamGame\Team3DGame\wood.h">
      <Filter>ヘッダー ファイル</Filter>
    </ClInclude>
  </ItemGroup>
</Project>